
Microsoft Visual Studio Solution File, Format Version 12.00
# Visual Studio Version 16
VisualStudioVersion = 16.0.30413.136
MinimumVisualStudioVersion = 10.0.40219.1
Project("{9A19103F-16F7-4668-BE54-9A1E7A4F7556}") = "DevIO.Business", "src\DevIO.Business\DevIO.Business.csproj", "{23E495FD-8D75-4E28-8429-E88D10BB1E28}"
EndProject
Project("{9A19103F-16F7-4668-BE54-9A1E7A4F7556}") = "DevIO.Data", "src\DevIO.Data\DevIO.Data.csproj", "{D02FB3C6-2436-4BDE-BD4B-995EFAA69DB1}"
EndProject
Project("{FAE04EC0-301F-11D3-BF4B-00C04F79EFBC}") = "DevIO.Api", "src\DevIO.Api\DevIO.Api.csproj", "{8B9378FB-2BB2-4A78-A5B7-1303EFD26C13}"
EndProject
Global
	GlobalSection(SolutionConfigurationPlatforms) = preSolution
		Debug|Any CPU = Debug|Any CPU
		Release|Any CPU = Release|Any CPU
	EndGlobalSection
	GlobalSection(ProjectConfigurationPlatforms) = postSolution
		{23E495FD-8D75-4E28-8429-E88D10BB1E28}.Debug|Any CPU.ActiveCfg = Debug|Any CPU
		{23E495FD-8D75-4E28-8429-E88D10BB1E28}.Debug|Any CPU.Build.0 = Debug|Any CPU
		{23E495FD-8D75-4E28-8429-E88D10BB1E28}.Release|Any CPU.ActiveCfg = Release|Any CPU
		{23E495FD-8D75-4E28-8429-E88D10BB1E28}.Release|Any CPU.Build.0 = Release|Any CPU
		{D02FB3C6-2436-4BDE-BD4B-995EFAA69DB1}.Debug|Any CPU.ActiveCfg = Debug|Any CPU
		{D02FB3C6-2436-4BDE-BD4B-995EFAA69DB1}.Debug|Any CPU.Build.0 = Debug|Any CPU
		{D02FB3C6-2436-4BDE-BD4B-995EFAA69DB1}.Release|Any CPU.ActiveCfg = Release|Any CPU
		{D02FB3C6-2436-4BDE-BD4B-995EFAA69DB1}.Release|Any CPU.Build.0 = Release|Any CPU
		{8B9378FB-2BB2-4A78-A5B7-1303EFD26C13}.Debug|Any CPU.ActiveCfg = Debug|Any CPU
		{8B9378FB-2BB2-4A78-A5B7-1303EFD26C13}.Debug|Any CPU.Build.0 = Debug|Any CPU
		{8B9378FB-2BB2-4A78-A5B7-1303EFD26C13}.Release|Any CPU.ActiveCfg = Release|Any CPU
		{8B9378FB-2BB2-4A78-A5B7-1303EFD26C13}.Release|Any CPU.Build.0 = Release|Any CPU
	EndGlobalSection
	GlobalSection(SolutionProperties) = preSolution
		HideSolutionNode = FALSE
	EndGlobalSection
	GlobalSection(ExtensibilityGlobals) = postSolution
		SolutionGuid = {343177BC-A530-485D-8D0C-85547BF9D34A}
	EndGlobalSection
EndGlobal
